
Microsoft Visual Studio Solution File, Format Version 12.00
Project("{FAE04EC0-301F-11D3-BF4B-00C04F79EFBC}") = "LIMSInterp", "LIMSInterp\LIMSInterp.csproj", "{688914C2-C42A-4F17-AAFD-BA2CCDC12480}"
EndProject
Project("{FAE04EC0-301F-11D3-BF4B-00C04F79EFBC}") = "LIMSInterpCodeEditor", "LIMSInterpCodeEditor\LIMSInterpCodeEditor.csproj", "{36C75087-6026-4793-B22B-BBE7170BF669}"
EndProject
Global
	GlobalSection(SolutionConfigurationPlatforms) = preSolution
		Debug|Any CPU = Debug|Any CPU
		Release|Any CPU = Release|Any CPU
	EndGlobalSection
	GlobalSection(ProjectConfigurationPlatforms) = postSolution
		{688914C2-C42A-4F17-AAFD-BA2CCDC12480}.Debug|Any CPU.ActiveCfg = Debug|Any CPU
		{688914C2-C42A-4F17-AAFD-BA2CCDC12480}.Debug|Any CPU.Build.0 = Debug|Any CPU
		{688914C2-C42A-4F17-AAFD-BA2CCDC12480}.Release|Any CPU.ActiveCfg = Release|Any CPU
		{688914C2-C42A-4F17-AAFD-BA2CCDC12480}.Release|Any CPU.Build.0 = Release|Any CPU
		{36C75087-6026-4793-B22B-BBE7170BF669}.Debug|Any CPU.ActiveCfg = Debug|Any CPU
		{36C75087-6026-4793-B22B-BBE7170BF669}.Debug|Any CPU.Build.0 = Debug|Any CPU
		{36C75087-6026-4793-B22B-BBE7170BF669}.Release|Any CPU.ActiveCfg = Release|Any CPU
		{36C75087-6026-4793-B22B-BBE7170BF669}.Release|Any CPU.Build.0 = Release|Any CPU
	EndGlobalSection
EndGlobal
